// !$*UTF8*$!
{
	archiveVersion = 1;
	classes = {
	};
	objectVersion = 55;
	objects = {

/* Begin PBXBuildFile section */
		A21BC4A528AF39E400FA7504 /* AppDelegate.swift in Sources */ = {isa = PBXBuildFile; fileRef = A21BC4A428AF39E400FA7504 /* AppDelegate.swift */; };
		A21BC4A728AF39E400FA7504 /* SceneDelegate.swift in Sources */ = {isa = PBXBuildFile; fileRef = A21BC4A628AF39E400FA7504 /* SceneDelegate.swift */; };
		A21BC4A928AF39E400FA7504 /* ViewController.swift in Sources */ = {isa = PBXBuildFile; fileRef = A21BC4A828AF39E400FA7504 /* ViewController.swift */; };
		A21BC4AC28AF39E400FA7504 /* Main.storyboard in Resources */ = {isa = PBXBuildFile; fileRef = A21BC4AA28AF39E400FA7504 /* Main.storyboard */; };
		A21BC4AE28AF39E600FA7504 /* Assets.xcassets in Resources */ = {isa = PBXBuildFile; fileRef = A21BC4AD28AF39E600FA7504 /* Assets.xcassets */; };
		A21BC4B128AF39E600FA7504 /* LaunchScreen.storyboard in Resources */ = {isa = PBXBuildFile; fileRef = A21BC4AF28AF39E600FA7504 /* LaunchScreen.storyboard */; };
		A21BC53B28AF7C4D00FA7504 /* Test.framework in Frameworks */ = {isa = PBXBuildFile; fileRef = A21BC53A28AF7C4D00FA7504 /* Test.framework */; };
		A21BC58928AF872400FA7504 /* Test.framework in Resources */ = {isa = PBXBuildFile; fileRef = A21BC53A28AF7C4D00FA7504 /* Test.framework */; };
		F558256C41868394D3E91C84 /* Pods_Main.framework in Frameworks */ = {isa = PBXBuildFile; fileRef = CB8E526F640D3CF5E41FA8EB /* Pods_Main.framework */; };
/* End PBXBuildFile section */

/* Begin PBXFileReference section */
		046C0C5FACF3ADF58DFA67E6 /* Pods-Main.debug.xcconfig */ = {isa = PBXFileReference; includeInIndex = 1; lastKnownFileType = text.xcconfig; name = "Pods-Main.debug.xcconfig"; path = "Target Support Files/Pods-Main/Pods-Main.debug.xcconfig"; sourceTree = "<group>"; };
		1FE7EFF55A5062503559B306 /* Pods-Main.release.xcconfig */ = {isa = PBXFileReference; includeInIndex = 1; lastKnownFileType = text.xcconfig; name = "Pods-Main.release.xcconfig"; path = "Target Support Files/Pods-Main/Pods-Main.release.xcconfig"; sourceTree = "<group>"; };
		45EA785D060EE60C17D98F77 /* Pods-d.debug.xcconfig */ = {isa = PBXFileReference; includeInIndex = 1; lastKnownFileType = text.xcconfig; name = "Pods-d.debug.xcconfig"; path = "Target Support Files/Pods-d/Pods-d.debug.xcconfig"; sourceTree = "<group>"; };
		A21BC4A128AF39E400FA7504 /* Main.app */ = {isa = PBXFileReference; explicitFileType = wrapper.application; includeInIndex = 0; path = Main.app; sourceTree = BUILT_PRODUCTS_DIR; };
		A21BC4A428AF39E400FA7504 /* AppDelegate.swift */ = {isa = PBXFileReference; lastKnownFileType = sourcecode.swift; path = AppDelegate.swift; sourceTree = "<group>"; };
		A21BC4A628AF39E400FA7504 /* SceneDelegate.swift */ = {isa = PBXFileReference; lastKnownFileType = sourcecode.swift; path = SceneDelegate.swift; sourceTree = "<group>"; };
		A21BC4A828AF39E400FA7504 /* ViewController.swift */ = {isa = PBXFileReference; lastKnownFileType = sourcecode.swift; path = ViewController.swift; sourceTree = "<group>"; };
		A21BC4AB28AF39E400FA7504 /* Base */ = {isa = PBXFileReference; lastKnownFileType = file.storyboard; name = Base; path = Base.lproj/Main.storyboard; sourceTree = "<group>"; };
		A21BC4AD28AF39E600FA7504 /* Assets.xcassets */ = {isa = PBXFileReference; lastKnownFileType = folder.assetcatalog; path = Assets.xcassets; sourceTree = "<group>"; };
		A21BC4B028AF39E600FA7504 /* Base */ = {isa = PBXFileReference; lastKnownFileType = file.storyboard; name = Base; path = Base.lproj/LaunchScreen.storyboard; sourceTree = "<group>"; };
		A21BC4B228AF39E600FA7504 /* Info.plist */ = {isa = PBXFileReference; lastKnownFileType = text.plist.xml; path = Info.plist; sourceTree = "<group>"; };
		A21BC4C128AF41E400FA7504 /* Test.framework */ = {isa = PBXFileReference; lastKnownFileType = wrapper.framework; path = Test.framework; sourceTree = "<group>"; };
		A21BC4DB28AF66D000FA7504 /* Test.framework */ = {isa = PBXFileReference; lastKnownFileType = wrapper.framework; name = Test.framework; path = ../Test/Products/Test.framework; sourceTree = "<group>"; };
		A21BC53A28AF7C4D00FA7504 /* Test.framework */ = {isa = PBXFileReference; lastKnownFileType = wrapper.framework; path = Test.framework; sourceTree = "<group>"; };
		CB8E526F640D3CF5E41FA8EB /* Pods_Main.framework */ = {isa = PBXFileReference; explicitFileType = wrapper.framework; includeInIndex = 0; path = Pods_Main.framework; sourceTree = BUILT_PRODUCTS_DIR; };
		EFF06F556717B2884EC4977C /* Pods-d.release.xcconfig */ = {isa = PBXFileReference; includeInIndex = 1; lastKnownFileType = text.xcconfig; name = "Pods-d.release.xcconfig"; path = "Target Support Files/Pods-d/Pods-d.release.xcconfig"; sourceTree = "<group>"; };
/* End PBXFileReference section */

/* Begin PBXFrameworksBuildPhase section */
		A21BC49E28AF39E400FA7504 /* Frameworks */ = {
			isa = PBXFrameworksBuildPhase;
			buildActionMask = 2147483647;
			files = (
				A21BC53B28AF7C4D00FA7504 /* Test.framework in Frameworks */,
				F558256C41868394D3E91C84 /* Pods_Main.framework in Frameworks */,
			);
			runOnlyForDeploymentPostprocessing = 0;
		};
/* End PBXFrameworksBuildPhase section */

/* Begin PBXGroup section */
		A21BC49828AF39E400FA7504 = {
			isa = PBXGroup;
			children = (
				A21BC53A28AF7C4D00FA7504 /* Test.framework */,
				A21BC4A328AF39E400FA7504 /* Main */,
				A21BC4A228AF39E400FA7504 /* Products */,
				A21BC4C028AF41E400FA7504 /* Frameworks */,
				EF83541E057B95C3FA0A004D /* Pods */,
			);
			sourceTree = "<group>";
		};
		A21BC4A228AF39E400FA7504 /* Products */ = {
			isa = PBXGroup;
			children = (
				A21BC4A128AF39E400FA7504 /* Main.app */,
			);
			name = Products;
			sourceTree = "<group>";
		};
		A21BC4A328AF39E400FA7504 /* Main */ = {
			isa = PBXGroup;
			children = (
				A21BC4A428AF39E400FA7504 /* AppDelegate.swift */,
				A21BC4A628AF39E400FA7504 /* SceneDelegate.swift */,
				A21BC4A828AF39E400FA7504 /* ViewController.swift */,
				A21BC4AA28AF39E400FA7504 /* Main.storyboard */,
				A21BC4AD28AF39E600FA7504 /* Assets.xcassets */,
				A21BC4AF28AF39E600FA7504 /* LaunchScreen.storyboard */,
				A21BC4B228AF39E600FA7504 /* Info.plist */,
			);
			path = Main;
			sourceTree = "<group>";
		};
		A21BC4C028AF41E400FA7504 /* Frameworks */ = {
			isa = PBXGroup;
			children = (
				A21BC4C128AF41E400FA7504 /* Test.framework */,
				A21BC4DB28AF66D000FA7504 /* Test.framework */,
				CB8E526F640D3CF5E41FA8EB /* Pods_Main.framework */,
			);
			name = Frameworks;
			sourceTree = "<group>";
		};
		EF83541E057B95C3FA0A004D /* Pods */ = {
			isa = PBXGroup;
			children = (
				45EA785D060EE60C17D98F77 /* Pods-d.debug.xcconfig */,
				EFF06F556717B2884EC4977C /* Pods-d.release.xcconfig */,
				046C0C5FACF3ADF58DFA67E6 /* Pods-Main.debug.xcconfig */,
				1FE7EFF55A5062503559B306 /* Pods-Main.release.xcconfig */,
			);
			path = Pods;
			sourceTree = "<group>";
		};
/* End PBXGroup section */

/* Begin PBXNativeTarget section */
		A21BC4A028AF39E400FA7504 /* Main */ = {
			isa = PBXNativeTarget;
			buildConfigurationList = A21BC4B528AF39E600FA7504 /* Build configuration list for PBXNativeTarget "Main" */;
			buildPhases = (
				68FA5B270B07CAF4CCFAE15C /* [CP] Check Pods Manifest.lock */,
				A21BC49D28AF39E400FA7504 /* Sources */,
				A21BC49E28AF39E400FA7504 /* Frameworks */,
				A21BC49F28AF39E400FA7504 /* Resources */,
			);
			buildRules = (
			);
			dependencies = (
			);
			name = Main;
			productName = d;
			productReference = A21BC4A128AF39E400FA7504 /* Main.app */;
			productType = "com.apple.product-type.application";
		};
/* End PBXNativeTarget section */

/* Begin PBXProject section */
		A21BC49928AF39E400FA7504 /* Project object */ = {
			isa = PBXProject;
			attributes = {
				BuildIndependentTargetsInParallel = 1;
				LastSwiftUpdateCheck = 1340;
				LastUpgradeCheck = 1340;
				TargetAttributes = {
					A21BC4A028AF39E400FA7504 = {
						CreatedOnToolsVersion = 13.4;
					};
				};
			};
			buildConfigurationList = A21BC49C28AF39E400FA7504 /* Build configuration list for PBXProject "Main" */;
			compatibilityVersion = "Xcode 13.0";
			developmentRegion = en;
			hasScannedForEncodings = 0;
			knownRegions = (
				en,
				Base,
			);
			mainGroup = A21BC49828AF39E400FA7504;
			productRefGroup = A21BC4A228AF39E400FA7504 /* Products */;
			projectDirPath = "";
			projectRoot = "";
			targets = (
				A21BC4A028AF39E400FA7504 /* Main */,
			);
		};
/* End PBXProject section */

/* Begin PBXResourcesBuildPhase section */
		A21BC49F28AF39E400FA7504 /* Resources */ = {
			isa = PBXResourcesBuildPhase;
			buildActionMask = 2147483647;
			files = (
				A21BC58928AF872400FA7504 /* Test.framework in Resources */,
				A21BC4B128AF39E600FA7504 /* LaunchScreen.storyboard in Resources */,
				A21BC4AE28AF39E600FA7504 /* Assets.xcassets in Resources */,
				A21BC4AC28AF39E400FA7504 /* Main.storyboard in Resources */,
			);
			runOnlyForDeploymentPostprocessing = 0;
		};
/* End PBXResourcesBuildPhase section */

/* Begin PBXShellScriptBuildPhase section */
		68FA5B270B07CAF4CCFAE15C /* [CP] Check Pods Manifest.lock */ = {
			isa = PBXShellScriptBuildPhase;
			buildActionMask = 2147483647;
			files = (
			);
			inputFileListPaths = (
			);
			inputPaths = (
				"${PODS_PODFILE_DIR_PATH}/Podfile.lock",
				"${PODS_ROOT}/Manifest.lock",
			);
			name = "[CP] Check Pods Manifest.lock";
			outputFileListPaths = (
			);
			outputPaths = (
				"$(DERIVED_FILE_DIR)/Pods-Main-checkManifestLockResult.txt",
			);
			runOnlyForDeploymentPostprocessing = 0;
			shellPath = /bin/sh;
			shellScript = "diff \"${PODS_PODFILE_DIR_PATH}/Podfile.lock\" \"${PODS_ROOT}/Manifest.lock\" > /dev/null\nif [ $? != 0 ] ; then\n    # print error to STDERR\n    echo \"error: The sandbox is not in sync with the Podfile.lock. Run 'pod install' or update your CocoaPods installation.\" >&2\n    exit 1\nfi\n# This output is used by Xcode 'outputs' to avoid re-running this script phase.\necho \"SUCCESS\" > \"${SCRIPT_OUTPUT_FILE_0}\"\n";
			showEnvVarsInLog = 0;
		};
/* End PBXShellScriptBuildPhase section */

/* Begin PBXSourcesBuildPhase section */
		A21BC49D28AF39E400FA7504 /* Sources */ = {
			isa = PBXSourcesBuildPhase;
			buildActionMask = 2147483647;
			files = (
				A21BC4A928AF39E400FA7504 /* ViewController.swift in Sources */,
				A21BC4A528AF39E400FA7504 /* AppDelegate.swift in Sources */,
				A21BC4A728AF39E400FA7504 /* SceneDelegate.swift in Sources */,
			);
			runOnlyForDeploymentPostprocessing = 0;
		};
/* End PBXSourcesBuildPhase section */

/* Begin PBXVariantGroup section */
		A21BC4AA28AF39E400FA7504 /* Main.storyboard */ = {
			isa = PBXVariantGroup;
			children = (
				A21BC4AB28AF39E400FA7504 /* Base */,
			);
			name = Main.storyboard;
			sourceTree = "<group>";
		};
		A21BC4AF28AF39E600FA7504 /* LaunchScreen.storyboard */ = {
			isa = PBXVariantGroup;
			children = (
				A21BC4B028AF39E600FA7504 /* Base */,
			);
			name = LaunchScreen.storyboard;
			sourceTree = "<group>";
		};
/* End PBXVariantGroup section */

/* Begin XCBuildConfiguration section */
		A21BC4B328AF39E600FA7504 /* Debug */ = {
			isa = XCBuildConfiguration;
			buildSettings = {
				ALWAYS_SEARCH_USER_PATHS = NO;
				CLANG_ANALYZER_NONNULL = YES;
				CLANG_ANALYZER_NUMBER_OBJECT_CONVERSION = YES_AGGRESSIVE;
				CLANG_CXX_LANGUAGE_STANDARD = "gnu++17";
				CLANG_ENABLE_MODULES = YES;
				CLANG_ENABLE_OBJC_ARC = YES;
				CLANG_ENABLE_OBJC_WEAK = YES;
				CLANG_WARN_BLOCK_CAPTURE_AUTORELEASING = YES;
				CLANG_WARN_BOOL_CONVERSION = YES;
				CLANG_WARN_COMMA = YES;
				CLANG_WARN_CONSTANT_CONVERSION = YES;
				CLANG_WARN_DEPRECATED_OBJC_IMPLEMENTATIONS = YES;
				CLANG_WARN_DIRECT_OBJC_ISA_USAGE = YES_ERROR;
				CLANG_WARN_DOCUMENTATION_COMMENTS = YES;
				CLANG_WARN_EMPTY_BODY = YES;
				CLANG_WARN_ENUM_CONVERSION = YES;
				CLANG_WARN_INFINITE_RECURSION = YES;
				CLANG_WARN_INT_CONVERSION = YES;
				CLANG_WARN_NON_LITERAL_NULL_CONVERSION = YES;
				CLANG_WARN_OBJC_IMPLICIT_RETAIN_SELF = YES;
				CLANG_WARN_OBJC_LITERAL_CONVERSION = YES;
				CLANG_WARN_OBJC_ROOT_CLASS = YES_ERROR;
				CLANG_WARN_QUOTED_INCLUDE_IN_FRAMEWORK_HEADER = YES;
				CLANG_WARN_RANGE_LOOP_ANALYSIS = YES;
				CLANG_WARN_STRICT_PROTOTYPES = YES;
				CLANG_WARN_SUSPICIOUS_MOVE = YES;
				CLANG_WARN_UNGUARDED_AVAILABILITY = YES_AGGRESSIVE;
				CLANG_WARN_UNREACHABLE_CODE = YES;
				CLANG_WARN__DUPLICATE_METHOD_MATCH = YES;
				COPY_PHASE_STRIP = NO;
				DEBUG_INFORMATION_FORMAT = dwarf;
				ENABLE_STRICT_OBJC_MSGSEND = YES;
				ENABLE_TESTABILITY = YES;
				GCC_C_LANGUAGE_STANDARD = gnu11;
				GCC_DYNAMIC_NO_PIC = NO;
				GCC_NO_COMMON_BLOCKS = YES;
				GCC_OPTIMIZATION_LEVEL = 0;
				GCC_PREPROCESSOR_DEFINITIONS = (
					"DEBUG=1",
					"$(inherited)",
				);
				GCC_WARN_64_TO_32_BIT_CONVERSION = YES;
				GCC_WARN_ABOUT_RETURN_TYPE = YES_ERROR;
				GCC_WARN_UNDECLARED_SELECTOR = YES;
				GCC_WARN_UNINITIALIZED_AUTOS = YES_AGGRESSIVE;
				GCC_WARN_UNUSED_FUNCTION = YES;
				GCC_WARN_UNUSED_VARIABLE = YES;
				IPHONEOS_DEPLOYMENT_TARGET = 15.5;
				MTL_ENABLE_DEBUG_INFO = INCLUDE_SOURCE;
				MTL_FAST_MATH = YES;
				ONLY_ACTIVE_ARCH = YES;
				SDKROOT = iphoneos;
				SWIFT_ACTIVE_COMPILATION_CONDITIONS = DEBUG;
				SWIFT_OPTIMIZATION_LEVEL = "-Onone";
			};
			name = Debug;
		};
		A21BC4B428AF39E600FA7504 /* Release */ = {
			isa = XCBuildConfiguration;
			buildSettings = {
				ALWAYS_SEARCH_USER_PATHS = NO;
				CLANG_ANALYZER_NONNULL = YES;
				CLANG_ANALYZER_NUMBER_OBJECT_CONVERSION = YES_AGGRESSIVE;
				CLANG_CXX_LANGUAGE_STANDARD = "gnu++17";
				CLANG_ENABLE_MODULES = YES;
				CLANG_ENABLE_OBJC_ARC = YES;
				CLANG_ENABLE_OBJC_WEAK = YES;
				CLANG_WARN_BLOCK_CAPTURE_AUTORELEASING = YES;
				CLANG_WARN_BOOL_CONVERSION = YES;
				CLANG_WARN_COMMA = YES;
				CLANG_WARN_CONSTANT_CONVERSION = YES;
				CLANG_WARN_DEPRECATED_OBJC_IMPLEMENTATIONS = YES;
				CLANG_WARN_DIRECT_OBJC_ISA_USAGE = YES_ERROR;
				CLANG_WARN_DOCUMENTATION_COMMENTS = YES;
				CLANG_WARN_EMPTY_BODY = YES;
				CLANG_WARN_ENUM_CONVERSION = YES;
				CLANG_WARN_INFINITE_RECURSION = YES;
				CLANG_WARN_INT_CONVERSION = YES;
				CLANG_WARN_NON_LITERAL_NULL_CONVERSION = YES;
				CLANG_WARN_OBJC_IMPLICIT_RETAIN_SELF = YES;
				CLANG_WARN_OBJC_LITERAL_CONVERSION = YES;
				CLANG_WARN_OBJC_ROOT_CLASS = YES_ERROR;
				CLANG_WARN_QUOTED_INCLUDE_IN_FRAMEWORK_HEADER = YES;
				CLANG_WARN_RANGE_LOOP_ANALYSIS = YES;
				CLANG_WARN_STRICT_PROTOTYPES = YES;
				CLANG_WARN_SUSPICIOUS_MOVE = YES;
				CLANG_WARN_UNGUARDED_AVAILABILITY = YES_AGGRESSIVE;
				CLANG_WARN_UNREACHABLE_CODE = YES;
				CLANG_WARN__DUPLICATE_METHOD_MATCH = YES;
				COPY_PHASE_STRIP = NO;
				DEBUG_INFORMATION_FORMAT = "dwarf-with-dsym";
				ENABLE_NS_ASSERTIONS = NO;
				ENABLE_STRICT_OBJC_MSGSEND = YES;
				GCC_C_LANGUAGE_STANDARD = gnu11;
				GCC_NO_COMMON_BLOCKS = YES;
				GCC_WARN_64_TO_32_BIT_CONVERSION = YES;
				GCC_WARN_ABOUT_RETURN_TYPE = YES_ERROR;
				GCC_WARN_UNDECLARED_SELECTOR = YES;
				GCC_WARN_UNINITIALIZED_AUTOS = YES_AGGRESSIVE;
				GCC_WARN_UNUSED_FUNCTION = YES;
				GCC_WARN_UNUSED_VARIABLE = YES;
				IPHONEOS_DEPLOYMENT_TARGET = 15.5;
				MTL_ENABLE_DEBUG_INFO = NO;
				MTL_FAST_MATH = YES;
				SDKROOT = iphoneos;
				SWIFT_COMPILATION_MODE = wholemodule;
				SWIFT_OPTIMIZATION_LEVEL = "-O";
				VALIDATE_PRODUCT = YES;
			};
			name = Release;
		};
		A21BC4B628AF39E600FA7504 /* Debug */ = {
			isa = XCBuildConfiguration;
			baseConfigurationReference = 046C0C5FACF3ADF58DFA67E6 /* Pods-Main.debug.xcconfig */;
			buildSettings = {
				ARCHS = "$(ARCHS_STANDARD)";
				ASSETCATALOG_COMPILER_APPICON_NAME = AppIcon;
				ASSETCATALOG_COMPILER_GLOBAL_ACCENT_COLOR_NAME = AccentColor;
				CODE_SIGN_STYLE = Automatic;
				CURRENT_PROJECT_VERSION = 1;
				DEVELOPMENT_TEAM = GJFTXMEC77;
				EXCLUDED_ARCHS = "";
				FRAMEWORK_SEARCH_PATHS = (
					"$(inherited)",
					"$(PROJECT_DIR)",
				);
				GENERATE_INFOPLIST_FILE = YES;
				INFOPLIST_FILE = Main/Info.plist;
				INFOPLIST_KEY_UIApplicationSupportsIndirectInputEvents = YES;
				INFOPLIST_KEY_UILaunchStoryboardName = LaunchScreen;
				INFOPLIST_KEY_UIMainStoryboardFile = Main;
				INFOPLIST_KEY_UISupportedInterfaceOrientations_iPad = "UIInterfaceOrientationPortrait UIInterfaceOrientationPortraitUpsideDown UIInterfaceOrientationLandscapeLeft UIInterfaceOrientationLandscapeRight";
				INFOPLIST_KEY_UISupportedInterfaceOrientations_iPhone = "UIInterfaceOrientationPortrait UIInterfaceOrientationLandscapeLeft UIInterfaceOrientationLandscapeRight";
				LD_RUNPATH_SEARCH_PATHS = (
					"$(inherited)",
					"@executable_path/Frameworks",
				);
				MARKETING_VERSION = 1.0;
				ONLY_ACTIVE_ARCH = YES;
				PRODUCT_BUNDLE_IDENTIFIER = com.premom.easyathome.d;
				PRODUCT_NAME = "$(TARGET_NAME)";
				SWIFT_EMIT_LOC_STRINGS = YES;
				SWIFT_VERSION = 5.0;
				TARGETED_DEVICE_FAMILY = "1,2";
			};
			name = Debug;
		};
		A21BC4B728AF39E600FA7504 /* Release */ = {
			isa = XCBuildConfiguration;
			baseConfigurationReference = 1FE7EFF55A5062503559B306 /* Pods-Main.release.xcconfig */;
			buildSettings = {
				ARCHS = "$(ARCHS_STANDARD)";
				ASSETCATALOG_COMPILER_APPICON_NAME = AppIcon;
				ASSETCATALOG_COMPILER_GLOBAL_ACCENT_COLOR_NAME = AccentColor;
				CODE_SIGN_STYLE = Automatic;
				CURRENT_PROJECT_VERSION = 1;
				DEVELOPMENT_TEAM = GJFTXMEC77;
				EXCLUDED_ARCHS = "";
				FRAMEWORK_SEARCH_PATHS = (
					"$(inherited)",
					"$(PROJECT_DIR)",
				);
				GENERATE_INFOPLIST_FILE = YES;
				INFOPLIST_FILE = Main/Info.plist;
				INFOPLIST_KEY_UIApplicationSupportsIndirectInputEvents = YES;
				INFOPLIST_KEY_UILaunchStoryboardName = LaunchScreen;
				INFOPLIST_KEY_UIMainStoryboardFile = Main;
				INFOPLIST_KEY_UISupportedInterfaceOrientations_iPad = "UIInterfaceOrientationPortrait UIInterfaceOrientationPortraitUpsideDown UIInterfaceOrientationLandscapeLeft UIInterfaceOrientationLandscapeRight";
				INFOPLIST_KEY_UISupportedInterfaceOrientations_iPhone = "UIInterfaceOrientationPortrait UIInterfaceOrientationLandscapeLeft UIInterfaceOrientationLandscapeRight";
				LD_RUNPATH_SEARCH_PATHS = (
					"$(inherited)",
					"@executable_path/Frameworks",
				);
				MARKETING_VERSION = 1.0;
				PRODUCT_BUNDLE_IDENTIFIER = com.premom.easyathome.d;
				PRODUCT_NAME = "$(TARGET_NAME)";
				SWIFT_EMIT_LOC_STRINGS = YES;
				SWIFT_VERSION = 5.0;
				TARGETED_DEVICE_FAMILY = "1,2";
			};
			name = Release;
		};
/* End XCBuildConfiguration section */

/* Begin XCConfigurationList section */
		A21BC49C28AF39E400FA7504 /* Build configuration list for PBXProject "Main" */ = {
			isa = XCConfigurationList;
			buildConfigurations = (
				A21BC4B328AF39E600FA7504 /* Debug */,
				A21BC4B428AF39E600FA7504 /* Release */,
			);
			defaultConfigurationIsVisible = 0;
			defaultConfigurationName = Release;
		};
		A21BC4B528AF39E600FA7504 /* Build configuration list for PBXNativeTarget "Main" */ = {
			isa = XCConfigurationList;
			buildConfigurations = (
				A21BC4B628AF39E600FA7504 /* Debug */,
				A21BC4B728AF39E600FA7504 /* Release */,
			);
			defaultConfigurationIsVisible = 0;
			defaultConfigurationName = Release;
		};
/* End XCConfigurationList section */
	};
	rootObject = A21BC49928AF39E400FA7504 /* Project object */;
}
