// !$*UTF8*$!
{
	archiveVersion = 1;
	classes = {
	};
	objectVersion = 55;
	objects = {

/* Begin PBXAggregateTarget section */
		A21BC52428AF70C700FA7504 /* TestAgg */ = {
			isa = PBXAggregateTarget;
			buildConfigurationList = A21BC52728AF70C700FA7504 /* Build configuration list for PBXAggregateTarget "TestAgg" */;
			buildPhases = (
				A21BC52828AF70CE00FA7504 /* ShellScript */,
			);
			dependencies = (
			);
			name = TestAgg;
			productName = TestAgg;
		};
/* End PBXAggregateTarget section */

/* Begin PBXBuildFile section */
		0BC45D08CD3172BFDED6E2A2 /* Pods_TestBundle.framework in Frameworks */ = {isa = PBXBuildFile; fileRef = C9DCEF21026A10159DCB95C9 /* Pods_TestBundle.framework */; };
		A21BC4F028AF6DC800FA7504 /* Test.h in Headers */ = {isa = PBXBuildFile; fileRef = A21BC4EF28AF6DC800FA7504 /* Test.h */; settings = {ATTRIBUTES = (Public, ); }; };
		A21BC4F728AF6E0E00FA7504 /* TestManager.swift in Sources */ = {isa = PBXBuildFile; fileRef = A21BC4F628AF6E0D00FA7504 /* TestManager.swift */; };
		A21BC53228AF77CF00FA7504 /* goal_ttc@2x.png in Resources */ = {isa = PBXBuildFile; fileRef = A21BC53028AF77CF00FA7504 /* goal_ttc@2x.png */; };
		A21BC53328AF77CF00FA7504 /* goal_ttc@3x.png in Resources */ = {isa = PBXBuildFile; fileRef = A21BC53128AF77CF00FA7504 /* goal_ttc@3x.png */; };
		A21BC53C28AF7C8E00FA7504 /* TestManager.swift in Headers */ = {isa = PBXBuildFile; fileRef = A21BC4F628AF6E0D00FA7504 /* TestManager.swift */; settings = {ATTRIBUTES = (Public, ); }; };
		A21BC58828AF850800FA7504 /* TestBundle.bundle in Resources */ = {isa = PBXBuildFile; fileRef = A21BC58728AF850800FA7504 /* TestBundle.bundle */; };
		CCD190DA19725A913FE21BD0 /* Pods_Test.framework in Frameworks */ = {isa = PBXBuildFile; fileRef = B09183159A6A68A405F5A76F /* Pods_Test.framework */; };
/* End PBXBuildFile section */

/* Begin PBXFileReference section */
		369B4021BA5034DE2F1AB7F8 /* Pods-Test.debug.xcconfig */ = {isa = PBXFileReference; includeInIndex = 1; lastKnownFileType = text.xcconfig; name = "Pods-Test.debug.xcconfig"; path = "Target Support Files/Pods-Test/Pods-Test.debug.xcconfig"; sourceTree = "<group>"; };
		6EF601D0ADE5065D05436668 /* Pods-TestBundle.release.xcconfig */ = {isa = PBXFileReference; includeInIndex = 1; lastKnownFileType = text.xcconfig; name = "Pods-TestBundle.release.xcconfig"; path = "Target Support Files/Pods-TestBundle/Pods-TestBundle.release.xcconfig"; sourceTree = "<group>"; };
		8A5A8C5CC7E2A43DFC71B422 /* Pods-Test.release.xcconfig */ = {isa = PBXFileReference; includeInIndex = 1; lastKnownFileType = text.xcconfig; name = "Pods-Test.release.xcconfig"; path = "Target Support Files/Pods-Test/Pods-Test.release.xcconfig"; sourceTree = "<group>"; };
		A21BC4EC28AF6DC800FA7504 /* Test.framework */ = {isa = PBXFileReference; explicitFileType = wrapper.framework; includeInIndex = 0; path = Test.framework; sourceTree = BUILT_PRODUCTS_DIR; };
		A21BC4EF28AF6DC800FA7504 /* Test.h */ = {isa = PBXFileReference; lastKnownFileType = sourcecode.c.h; path = Test.h; sourceTree = "<group>"; };
		A21BC4F628AF6E0D00FA7504 /* TestManager.swift */ = {isa = PBXFileReference; lastKnownFileType = sourcecode.swift; path = TestManager.swift; sourceTree = "<group>"; };
		A21BC50C28AF6F3C00FA7504 /* TestBundle.bundle */ = {isa = PBXFileReference; explicitFileType = wrapper.cfbundle; includeInIndex = 0; path = TestBundle.bundle; sourceTree = BUILT_PRODUCTS_DIR; };
		A21BC53028AF77CF00FA7504 /* goal_ttc@2x.png */ = {isa = PBXFileReference; lastKnownFileType = image.png; path = "goal_ttc@2x.png"; sourceTree = "<group>"; };
		A21BC53128AF77CF00FA7504 /* goal_ttc@3x.png */ = {isa = PBXFileReference; lastKnownFileType = image.png; path = "goal_ttc@3x.png"; sourceTree = "<group>"; };
		A21BC58728AF850800FA7504 /* TestBundle.bundle */ = {isa = PBXFileReference; lastKnownFileType = "wrapper.plug-in"; path = TestBundle.bundle; sourceTree = "<group>"; };
		B09183159A6A68A405F5A76F /* Pods_Test.framework */ = {isa = PBXFileReference; explicitFileType = wrapper.framework; includeInIndex = 0; path = Pods_Test.framework; sourceTree = BUILT_PRODUCTS_DIR; };
		C7F60DB32A423501F5315B0D /* Pods-TestBundle.debug.xcconfig */ = {isa = PBXFileReference; includeInIndex = 1; lastKnownFileType = text.xcconfig; name = "Pods-TestBundle.debug.xcconfig"; path = "Target Support Files/Pods-TestBundle/Pods-TestBundle.debug.xcconfig"; sourceTree = "<group>"; };
		C9DCEF21026A10159DCB95C9 /* Pods_TestBundle.framework */ = {isa = PBXFileReference; explicitFileType = wrapper.framework; includeInIndex = 0; path = Pods_TestBundle.framework; sourceTree = BUILT_PRODUCTS_DIR; };
/* End PBXFileReference section */

/* Begin PBXFrameworksBuildPhase section */
		A21BC4E928AF6DC800FA7504 /* Frameworks */ = {
			isa = PBXFrameworksBuildPhase;
			buildActionMask = 2147483647;
			files = (
				CCD190DA19725A913FE21BD0 /* Pods_Test.framework in Frameworks */,
			);
			runOnlyForDeploymentPostprocessing = 0;
		};
		A21BC50928AF6F3C00FA7504 /* Frameworks */ = {
			isa = PBXFrameworksBuildPhase;
			buildActionMask = 2147483647;
			files = (
				0BC45D08CD3172BFDED6E2A2 /* Pods_TestBundle.framework in Frameworks */,
			);
			runOnlyForDeploymentPostprocessing = 0;
		};
/* End PBXFrameworksBuildPhase section */

/* Begin PBXGroup section */
		03AD244F451A76C70A32E63F /* Frameworks */ = {
			isa = PBXGroup;
			children = (
				B09183159A6A68A405F5A76F /* Pods_Test.framework */,
				C9DCEF21026A10159DCB95C9 /* Pods_TestBundle.framework */,
			);
			name = Frameworks;
			sourceTree = "<group>";
		};
		7611329566B2EC49EB50FE1A /* Pods */ = {
			isa = PBXGroup;
			children = (
				369B4021BA5034DE2F1AB7F8 /* Pods-Test.debug.xcconfig */,
				8A5A8C5CC7E2A43DFC71B422 /* Pods-Test.release.xcconfig */,
				C7F60DB32A423501F5315B0D /* Pods-TestBundle.debug.xcconfig */,
				6EF601D0ADE5065D05436668 /* Pods-TestBundle.release.xcconfig */,
			);
			path = Pods;
			sourceTree = "<group>";
		};
		A21BC4E228AF6DC800FA7504 = {
			isa = PBXGroup;
			children = (
				A21BC58728AF850800FA7504 /* TestBundle.bundle */,
				A21BC52F28AF77CF00FA7504 /* Bundle */,
				A21BC4EE28AF6DC800FA7504 /* Test */,
				A21BC4ED28AF6DC800FA7504 /* Products */,
				7611329566B2EC49EB50FE1A /* Pods */,
				03AD244F451A76C70A32E63F /* Frameworks */,
			);
			sourceTree = "<group>";
		};
		A21BC4ED28AF6DC800FA7504 /* Products */ = {
			isa = PBXGroup;
			children = (
				A21BC4EC28AF6DC800FA7504 /* Test.framework */,
				A21BC50C28AF6F3C00FA7504 /* TestBundle.bundle */,
			);
			name = Products;
			sourceTree = "<group>";
		};
		A21BC4EE28AF6DC800FA7504 /* Test */ = {
			isa = PBXGroup;
			children = (
				A21BC4EF28AF6DC800FA7504 /* Test.h */,
				A21BC4F628AF6E0D00FA7504 /* TestManager.swift */,
			);
			path = Test;
			sourceTree = "<group>";
		};
		A21BC52F28AF77CF00FA7504 /* Bundle */ = {
			isa = PBXGroup;
			children = (
				A21BC53028AF77CF00FA7504 /* goal_ttc@2x.png */,
				A21BC53128AF77CF00FA7504 /* goal_ttc@3x.png */,
			);
			path = Bundle;
			sourceTree = "<group>";
		};
/* End PBXGroup section */

/* Begin PBXHeadersBuildPhase section */
		A21BC4E728AF6DC800FA7504 /* Headers */ = {
			isa = PBXHeadersBuildPhase;
			buildActionMask = 2147483647;
			files = (
				A21BC4F028AF6DC800FA7504 /* Test.h in Headers */,
				A21BC53C28AF7C8E00FA7504 /* TestManager.swift in Headers */,
			);
			runOnlyForDeploymentPostprocessing = 0;
		};
/* End PBXHeadersBuildPhase section */

/* Begin PBXNativeTarget section */
		A21BC4EB28AF6DC800FA7504 /* Test */ = {
			isa = PBXNativeTarget;
			buildConfigurationList = A21BC4F328AF6DC800FA7504 /* Build configuration list for PBXNativeTarget "Test" */;
			buildPhases = (
				B1974DCBE7AFC08C715DB765 /* [CP] Check Pods Manifest.lock */,
				A21BC4E728AF6DC800FA7504 /* Headers */,
				A21BC4E828AF6DC800FA7504 /* Sources */,
				A21BC4E928AF6DC800FA7504 /* Frameworks */,
				A21BC4EA28AF6DC800FA7504 /* Resources */,
			);
			buildRules = (
			);
			dependencies = (
			);
			name = Test;
			productName = Test;
			productReference = A21BC4EC28AF6DC800FA7504 /* Test.framework */;
			productType = "com.apple.product-type.framework";
		};
		A21BC50B28AF6F3C00FA7504 /* TestBundle */ = {
			isa = PBXNativeTarget;
			buildConfigurationList = A21BC50D28AF6F3C00FA7504 /* Build configuration list for PBXNativeTarget "TestBundle" */;
			buildPhases = (
				3DED7DFB8E2F5232EF1404DF /* [CP] Check Pods Manifest.lock */,
				A21BC50828AF6F3C00FA7504 /* Sources */,
				A21BC50928AF6F3C00FA7504 /* Frameworks */,
				A21BC50A28AF6F3C00FA7504 /* Resources */,
			);
			buildRules = (
			);
			dependencies = (
			);
			name = TestBundle;
			productName = TestBundle;
			productReference = A21BC50C28AF6F3C00FA7504 /* TestBundle.bundle */;
			productType = "com.apple.product-type.bundle";
		};
/* End PBXNativeTarget section */

/* Begin PBXProject section */
		A21BC4E328AF6DC800FA7504 /* Project object */ = {
			isa = PBXProject;
			attributes = {
				BuildIndependentTargetsInParallel = 1;
				LastUpgradeCheck = 1340;
				TargetAttributes = {
					A21BC4EB28AF6DC800FA7504 = {
						CreatedOnToolsVersion = 13.4;
						LastSwiftMigration = 1340;
					};
					A21BC50B28AF6F3C00FA7504 = {
						CreatedOnToolsVersion = 13.4;
					};
					A21BC52428AF70C700FA7504 = {
						CreatedOnToolsVersion = 13.4;
					};
				};
			};
			buildConfigurationList = A21BC4E628AF6DC800FA7504 /* Build configuration list for PBXProject "Test" */;
			compatibilityVersion = "Xcode 13.0";
			developmentRegion = en;
			hasScannedForEncodings = 0;
			knownRegions = (
				en,
				Base,
			);
			mainGroup = A21BC4E228AF6DC800FA7504;
			productRefGroup = A21BC4ED28AF6DC800FA7504 /* Products */;
			projectDirPath = "";
			projectRoot = "";
			targets = (
				A21BC4EB28AF6DC800FA7504 /* Test */,
				A21BC50B28AF6F3C00FA7504 /* TestBundle */,
				A21BC52428AF70C700FA7504 /* TestAgg */,
			);
		};
/* End PBXProject section */

/* Begin PBXResourcesBuildPhase section */
		A21BC4EA28AF6DC800FA7504 /* Resources */ = {
			isa = PBXResourcesBuildPhase;
			buildActionMask = 2147483647;
			files = (
				A21BC58828AF850800FA7504 /* TestBundle.bundle in Resources */,
			);
			runOnlyForDeploymentPostprocessing = 0;
		};
		A21BC50A28AF6F3C00FA7504 /* Resources */ = {
			isa = PBXResourcesBuildPhase;
			buildActionMask = 2147483647;
			files = (
				A21BC53328AF77CF00FA7504 /* goal_ttc@3x.png in Resources */,
				A21BC53228AF77CF00FA7504 /* goal_ttc@2x.png in Resources */,
			);
			runOnlyForDeploymentPostprocessing = 0;
		};
/* End PBXResourcesBuildPhase section */

/* Begin PBXShellScriptBuildPhase section */
		3DED7DFB8E2F5232EF1404DF /* [CP] Check Pods Manifest.lock */ = {
			isa = PBXShellScriptBuildPhase;
			buildActionMask = 2147483647;
			files = (
			);
			inputFileListPaths = (
			);
			inputPaths = (
				"${PODS_PODFILE_DIR_PATH}/Podfile.lock",
				"${PODS_ROOT}/Manifest.lock",
			);
			name = "[CP] Check Pods Manifest.lock";
			outputFileListPaths = (
			);
			outputPaths = (
				"$(DERIVED_FILE_DIR)/Pods-TestBundle-checkManifestLockResult.txt",
			);
			runOnlyForDeploymentPostprocessing = 0;
			shellPath = /bin/sh;
			shellScript = "diff \"${PODS_PODFILE_DIR_PATH}/Podfile.lock\" \"${PODS_ROOT}/Manifest.lock\" > /dev/null\nif [ $? != 0 ] ; then\n    # print error to STDERR\n    echo \"error: The sandbox is not in sync with the Podfile.lock. Run 'pod install' or update your CocoaPods installation.\" >&2\n    exit 1\nfi\n# This output is used by Xcode 'outputs' to avoid re-running this script phase.\necho \"SUCCESS\" > \"${SCRIPT_OUTPUT_FILE_0}\"\n";
			showEnvVarsInLog = 0;
		};
		A21BC52828AF70CE00FA7504 /* ShellScript */ = {
			isa = PBXShellScriptBuildPhase;
			buildActionMask = 2147483647;
			files = (
			);
			inputFileListPaths = (
			);
			inputPaths = (
			);
			outputFileListPaths = (
			);
			outputPaths = (
			);
			runOnlyForDeploymentPostprocessing = 0;
			shellPath = /bin/sh;
			shellScript = "# Type a script or drag a script file from your workspace to insert its path.\n#!/bin/sh\n\n#要build的target名\n\nTARGET_NAME=${PROJECT_NAME}\n\nif [[ $1 ]]\n\nthen\n\nTARGET_NAME=$1\n\nfi\n\nUNIVERSAL_OUTPUT_FOLDER=\"${SRCROOT}/${PROJECT_NAME}/\"\n\n#创建输出目录，并删除之前的framework文件\n\nmkdir -p \"${UNIVERSAL_OUTPUT_FOLDER}\"\n\nrm -rf \"${UNIVERSAL_OUTPUT_FOLDER}/${TARGET_NAME}.framework\"\n\n#分别编译模拟器和真机的Framework\n\nxcodebuild -target \"${TARGET_NAME}\" ONLY_ACTIVE_ARCH=NO -configuration ${CONFIGURATION} -sdk iphoneos BUILD_DIR=\"${BUILD_DIR}\" BUILD_ROOT=\"${BUILD_ROOT}\" clean build\n\nxcodebuild -target \"${TARGET_NAME}\" ONLY_ACTIVE_ARCH=NO -configuration ${CONFIGURATION} -sdk iphonesimulator BUILD_DIR=\"${BUILD_DIR}\" BUILD_ROOT=\"${BUILD_ROOT}\" clean build\n\n#拷贝framework到univer目录\n\ncp -R \"${BUILD_DIR}/${CONFIGURATION}-iphonesimulator/${TARGET_NAME}.framework\" \"${UNIVERSAL_OUTPUT_FOLDER}\"\n\nlipo \"${BUILD_DIR}/${CONFIGURATION}-iphonesimulator/${TARGET_NAME}.framework/${TARGET_NAME}\" -remove arm64 -output \"${BUILD_DIR}/${CONFIGURATION}-iphonesimulator/${TARGET_NAME}.framework/${TARGET_NAME}\"\n\n#合并framework，输出最终的framework到build目录\n\nlipo -create -output \"${UNIVERSAL_OUTPUT_FOLDER}/${TARGET_NAME}.framework/${TARGET_NAME}\" \"${BUILD_DIR}/${CONFIGURATION}-iphonesimulator/${TARGET_NAME}.framework/${TARGET_NAME}\" \"${BUILD_DIR}/${CONFIGURATION}-iphoneos/${TARGET_NAME}.framework/${TARGET_NAME}\"\n\n#删除编译之后生成的无关的配置文件\n\ndir_path=\"${UNIVERSAL_OUTPUT_FOLDER}/${TARGET_NAME}.framework/\"\n\nfor file in ls $dir_path\n\ndo\n\nif [[ ${file} =~ \".xcconfig\" ]]\n\nthen\n\nrm -f \"${dir_path}/${file}\"\n\nfi\n\ndone\n\n#判断build文件夹是否存在，存在则删除\n\nif [ -d \"${SRCROOT}/build\" ]\n\nthen\n\nrm -rf \"${SRCROOT}/build\"\n\nfi\n\nrm -rf \"${BUILD_DIR}/${CONFIGURATION}-iphonesimulator\" \"${BUILD_DIR}/${CONFIGURATION}-iphoneos\"\n\n#打开合并后的文件夹\n\nopen \"${UNIVERSAL_OUTPUT_FOLDER}\"\n\n";
		};
		B1974DCBE7AFC08C715DB765 /* [CP] Check Pods Manifest.lock */ = {
			isa = PBXShellScriptBuildPhase;
			buildActionMask = 2147483647;
			files = (
			);
			inputFileListPaths = (
			);
			inputPaths = (
				"${PODS_PODFILE_DIR_PATH}/Podfile.lock",
				"${PODS_ROOT}/Manifest.lock",
			);
			name = "[CP] Check Pods Manifest.lock";
			outputFileListPaths = (
			);
			outputPaths = (
				"$(DERIVED_FILE_DIR)/Pods-Test-checkManifestLockResult.txt",
			);
			runOnlyForDeploymentPostprocessing = 0;
			shellPath = /bin/sh;
			shellScript = "diff \"${PODS_PODFILE_DIR_PATH}/Podfile.lock\" \"${PODS_ROOT}/Manifest.lock\" > /dev/null\nif [ $? != 0 ] ; then\n    # print error to STDERR\n    echo \"error: The sandbox is not in sync with the Podfile.lock. Run 'pod install' or update your CocoaPods installation.\" >&2\n    exit 1\nfi\n# This output is used by Xcode 'outputs' to avoid re-running this script phase.\necho \"SUCCESS\" > \"${SCRIPT_OUTPUT_FILE_0}\"\n";
			showEnvVarsInLog = 0;
		};
/* End PBXShellScriptBuildPhase section */

/* Begin PBXSourcesBuildPhase section */
		A21BC4E828AF6DC800FA7504 /* Sources */ = {
			isa = PBXSourcesBuildPhase;
			buildActionMask = 2147483647;
			files = (
				A21BC4F728AF6E0E00FA7504 /* TestManager.swift in Sources */,
			);
			runOnlyForDeploymentPostprocessing = 0;
		};
		A21BC50828AF6F3C00FA7504 /* Sources */ = {
			isa = PBXSourcesBuildPhase;
			buildActionMask = 2147483647;
			files = (
			);
			runOnlyForDeploymentPostprocessing = 0;
		};
/* End PBXSourcesBuildPhase section */

/* Begin XCBuildConfiguration section */
		A21BC4F128AF6DC800FA7504 /* Debug */ = {
			isa = XCBuildConfiguration;
			buildSettings = {
				ALWAYS_SEARCH_USER_PATHS = NO;
				CLANG_ANALYZER_NONNULL = YES;
				CLANG_ANALYZER_NUMBER_OBJECT_CONVERSION = YES_AGGRESSIVE;
				CLANG_CXX_LANGUAGE_STANDARD = "gnu++17";
				CLANG_ENABLE_MODULES = YES;
				CLANG_ENABLE_OBJC_ARC = YES;
				CLANG_ENABLE_OBJC_WEAK = YES;
				CLANG_WARN_BLOCK_CAPTURE_AUTORELEASING = YES;
				CLANG_WARN_BOOL_CONVERSION = YES;
				CLANG_WARN_COMMA = YES;
				CLANG_WARN_CONSTANT_CONVERSION = YES;
				CLANG_WARN_DEPRECATED_OBJC_IMPLEMENTATIONS = YES;
				CLANG_WARN_DIRECT_OBJC_ISA_USAGE = YES_ERROR;
				CLANG_WARN_DOCUMENTATION_COMMENTS = YES;
				CLANG_WARN_EMPTY_BODY = YES;
				CLANG_WARN_ENUM_CONVERSION = YES;
				CLANG_WARN_INFINITE_RECURSION = YES;
				CLANG_WARN_INT_CONVERSION = YES;
				CLANG_WARN_NON_LITERAL_NULL_CONVERSION = YES;
				CLANG_WARN_OBJC_IMPLICIT_RETAIN_SELF = YES;
				CLANG_WARN_OBJC_LITERAL_CONVERSION = YES;
				CLANG_WARN_OBJC_ROOT_CLASS = YES_ERROR;
				CLANG_WARN_QUOTED_INCLUDE_IN_FRAMEWORK_HEADER = YES;
				CLANG_WARN_RANGE_LOOP_ANALYSIS = YES;
				CLANG_WARN_STRICT_PROTOTYPES = YES;
				CLANG_WARN_SUSPICIOUS_MOVE = YES;
				CLANG_WARN_UNGUARDED_AVAILABILITY = YES_AGGRESSIVE;
				CLANG_WARN_UNREACHABLE_CODE = YES;
				CLANG_WARN__DUPLICATE_METHOD_MATCH = YES;
				COPY_PHASE_STRIP = NO;
				CURRENT_PROJECT_VERSION = 1;
				DEBUG_INFORMATION_FORMAT = dwarf;
				ENABLE_STRICT_OBJC_MSGSEND = YES;
				ENABLE_TESTABILITY = YES;
				GCC_C_LANGUAGE_STANDARD = gnu11;
				GCC_DYNAMIC_NO_PIC = NO;
				GCC_NO_COMMON_BLOCKS = YES;
				GCC_OPTIMIZATION_LEVEL = 0;
				GCC_PREPROCESSOR_DEFINITIONS = (
					"DEBUG=1",
					"$(inherited)",
				);
				GCC_WARN_64_TO_32_BIT_CONVERSION = YES;
				GCC_WARN_ABOUT_RETURN_TYPE = YES_ERROR;
				GCC_WARN_UNDECLARED_SELECTOR = YES;
				GCC_WARN_UNINITIALIZED_AUTOS = YES_AGGRESSIVE;
				GCC_WARN_UNUSED_FUNCTION = YES;
				GCC_WARN_UNUSED_VARIABLE = YES;
				IPHONEOS_DEPLOYMENT_TARGET = 15.5;
				MTL_ENABLE_DEBUG_INFO = INCLUDE_SOURCE;
				MTL_FAST_MATH = YES;
				ONLY_ACTIVE_ARCH = YES;
				SDKROOT = iphoneos;
				SWIFT_ACTIVE_COMPILATION_CONDITIONS = DEBUG;
				SWIFT_OPTIMIZATION_LEVEL = "-Onone";
				VERSIONING_SYSTEM = "apple-generic";
				VERSION_INFO_PREFIX = "";
			};
			name = Debug;
		};
		A21BC4F228AF6DC800FA7504 /* Release */ = {
			isa = XCBuildConfiguration;
			buildSettings = {
				ALWAYS_SEARCH_USER_PATHS = NO;
				CLANG_ANALYZER_NONNULL = YES;
				CLANG_ANALYZER_NUMBER_OBJECT_CONVERSION = YES_AGGRESSIVE;
				CLANG_CXX_LANGUAGE_STANDARD = "gnu++17";
				CLANG_ENABLE_MODULES = YES;
				CLANG_ENABLE_OBJC_ARC = YES;
				CLANG_ENABLE_OBJC_WEAK = YES;
				CLANG_WARN_BLOCK_CAPTURE_AUTORELEASING = YES;
				CLANG_WARN_BOOL_CONVERSION = YES;
				CLANG_WARN_COMMA = YES;
				CLANG_WARN_CONSTANT_CONVERSION = YES;
				CLANG_WARN_DEPRECATED_OBJC_IMPLEMENTATIONS = YES;
				CLANG_WARN_DIRECT_OBJC_ISA_USAGE = YES_ERROR;
				CLANG_WARN_DOCUMENTATION_COMMENTS = YES;
				CLANG_WARN_EMPTY_BODY = YES;
				CLANG_WARN_ENUM_CONVERSION = YES;
				CLANG_WARN_INFINITE_RECURSION = YES;
				CLANG_WARN_INT_CONVERSION = YES;
				CLANG_WARN_NON_LITERAL_NULL_CONVERSION = YES;
				CLANG_WARN_OBJC_IMPLICIT_RETAIN_SELF = YES;
				CLANG_WARN_OBJC_LITERAL_CONVERSION = YES;
				CLANG_WARN_OBJC_ROOT_CLASS = YES_ERROR;
				CLANG_WARN_QUOTED_INCLUDE_IN_FRAMEWORK_HEADER = YES;
				CLANG_WARN_RANGE_LOOP_ANALYSIS = YES;
				CLANG_WARN_STRICT_PROTOTYPES = YES;
				CLANG_WARN_SUSPICIOUS_MOVE = YES;
				CLANG_WARN_UNGUARDED_AVAILABILITY = YES_AGGRESSIVE;
				CLANG_WARN_UNREACHABLE_CODE = YES;
				CLANG_WARN__DUPLICATE_METHOD_MATCH = YES;
				COPY_PHASE_STRIP = NO;
				CURRENT_PROJECT_VERSION = 1;
				DEBUG_INFORMATION_FORMAT = "dwarf-with-dsym";
				ENABLE_NS_ASSERTIONS = NO;
				ENABLE_STRICT_OBJC_MSGSEND = YES;
				GCC_C_LANGUAGE_STANDARD = gnu11;
				GCC_NO_COMMON_BLOCKS = YES;
				GCC_WARN_64_TO_32_BIT_CONVERSION = YES;
				GCC_WARN_ABOUT_RETURN_TYPE = YES_ERROR;
				GCC_WARN_UNDECLARED_SELECTOR = YES;
				GCC_WARN_UNINITIALIZED_AUTOS = YES_AGGRESSIVE;
				GCC_WARN_UNUSED_FUNCTION = YES;
				GCC_WARN_UNUSED_VARIABLE = YES;
				IPHONEOS_DEPLOYMENT_TARGET = 15.5;
				MTL_ENABLE_DEBUG_INFO = NO;
				MTL_FAST_MATH = YES;
				SDKROOT = iphoneos;
				SWIFT_COMPILATION_MODE = wholemodule;
				SWIFT_OPTIMIZATION_LEVEL = "-O";
				VALIDATE_PRODUCT = YES;
				VERSIONING_SYSTEM = "apple-generic";
				VERSION_INFO_PREFIX = "";
			};
			name = Release;
		};
		A21BC4F428AF6DC800FA7504 /* Debug */ = {
			isa = XCBuildConfiguration;
			baseConfigurationReference = 369B4021BA5034DE2F1AB7F8 /* Pods-Test.debug.xcconfig */;
			buildSettings = {
				CLANG_ENABLE_MODULES = YES;
				CODE_SIGN_STYLE = Automatic;
				CURRENT_PROJECT_VERSION = 1;
				DEAD_CODE_STRIPPING = NO;
				DEFINES_MODULE = YES;
				DEVELOPMENT_TEAM = GJFTXMEC77;
				DYLIB_COMPATIBILITY_VERSION = 1;
				DYLIB_CURRENT_VERSION = 1;
				DYLIB_INSTALL_NAME_BASE = "@rpath";
				ENABLE_BITCODE = NO;
				GENERATE_INFOPLIST_FILE = YES;
				INFOPLIST_KEY_NSHumanReadableCopyright = "";
				INSTALL_PATH = "$(LOCAL_LIBRARY_DIR)/Frameworks";
				IPHONEOS_DEPLOYMENT_TARGET = 11.0;
				LD_RUNPATH_SEARCH_PATHS = (
					"$(inherited)",
					"@executable_path/Frameworks",
					"@loader_path/Frameworks",
				);
				LINK_WITH_STANDARD_LIBRARIES = NO;
				MACH_O_TYPE = staticlib;
				MARKETING_VERSION = 1.0;
				ONLY_ACTIVE_ARCH = NO;
				OTHER_LDFLAGS = "-ObjC";
				PRODUCT_BUNDLE_IDENTIFIER = com.premom.easyathome.Test;
				PRODUCT_NAME = "$(TARGET_NAME:c99extidentifier)";
				SKIP_INSTALL = YES;
				SUPPORTS_MACCATALYST = NO;
				SWIFT_EMIT_LOC_STRINGS = YES;
				SWIFT_OPTIMIZATION_LEVEL = "-Onone";
				SWIFT_VERSION = 5.0;
				TARGETED_DEVICE_FAMILY = "1,2";
			};
			name = Debug;
		};
		A21BC4F528AF6DC800FA7504 /* Release */ = {
			isa = XCBuildConfiguration;
			baseConfigurationReference = 8A5A8C5CC7E2A43DFC71B422 /* Pods-Test.release.xcconfig */;
			buildSettings = {
				CLANG_ENABLE_MODULES = YES;
				CODE_SIGN_STYLE = Automatic;
				CURRENT_PROJECT_VERSION = 1;
				DEAD_CODE_STRIPPING = NO;
				DEFINES_MODULE = YES;
				DEVELOPMENT_TEAM = GJFTXMEC77;
				DYLIB_COMPATIBILITY_VERSION = 1;
				DYLIB_CURRENT_VERSION = 1;
				DYLIB_INSTALL_NAME_BASE = "@rpath";
				ENABLE_BITCODE = NO;
				GENERATE_INFOPLIST_FILE = YES;
				INFOPLIST_KEY_NSHumanReadableCopyright = "";
				INSTALL_PATH = "$(LOCAL_LIBRARY_DIR)/Frameworks";
				IPHONEOS_DEPLOYMENT_TARGET = 11.0;
				LD_RUNPATH_SEARCH_PATHS = (
					"$(inherited)",
					"@executable_path/Frameworks",
					"@loader_path/Frameworks",
				);
				LINK_WITH_STANDARD_LIBRARIES = NO;
				MACH_O_TYPE = staticlib;
				MARKETING_VERSION = 1.0;
				OTHER_LDFLAGS = "-ObjC";
				PRODUCT_BUNDLE_IDENTIFIER = com.premom.easyathome.Test;
				PRODUCT_NAME = "$(TARGET_NAME:c99extidentifier)";
				SKIP_INSTALL = YES;
				SUPPORTS_MACCATALYST = NO;
				SWIFT_EMIT_LOC_STRINGS = YES;
				SWIFT_VERSION = 5.0;
				TARGETED_DEVICE_FAMILY = "1,2";
			};
			name = Release;
		};
		A21BC50E28AF6F3C00FA7504 /* Debug */ = {
			isa = XCBuildConfiguration;
			baseConfigurationReference = C7F60DB32A423501F5315B0D /* Pods-TestBundle.debug.xcconfig */;
			buildSettings = {
				CODE_SIGN_STYLE = Automatic;
				COMBINE_HIDPI_IMAGES = NO;
				CURRENT_PROJECT_VERSION = 1;
				DEVELOPMENT_TEAM = GJFTXMEC77;
				ENABLE_BITCODE = NO;
				GENERATE_INFOPLIST_FILE = YES;
				INFOPLIST_KEY_NSHumanReadableCopyright = "";
				INFOPLIST_KEY_NSPrincipalClass = "";
				INSTALL_PATH = "$(LOCAL_LIBRARY_DIR)/Bundles";
				IPHONEOS_DEPLOYMENT_TARGET = 11.0;
				MACOSX_DEPLOYMENT_TARGET = 12.3;
				MARKETING_VERSION = 1.0;
				PRODUCT_BUNDLE_IDENTIFIER = com.premom.easyathome.TestBundle;
				PRODUCT_NAME = "$(TARGET_NAME)";
				SDKROOT = iphoneos;
				SKIP_INSTALL = YES;
				SUPPORTED_PLATFORMS = "iphonesimulator iphoneos";
				SWIFT_EMIT_LOC_STRINGS = YES;
				VERSIONING_SYSTEM = "";
				WRAPPER_EXTENSION = bundle;
			};
			name = Debug;
		};
		A21BC50F28AF6F3C00FA7504 /* Release */ = {
			isa = XCBuildConfiguration;
			baseConfigurationReference = 6EF601D0ADE5065D05436668 /* Pods-TestBundle.release.xcconfig */;
			buildSettings = {
				CODE_SIGN_STYLE = Automatic;
				COMBINE_HIDPI_IMAGES = NO;
				CURRENT_PROJECT_VERSION = 1;
				DEVELOPMENT_TEAM = GJFTXMEC77;
				ENABLE_BITCODE = NO;
				GENERATE_INFOPLIST_FILE = YES;
				INFOPLIST_KEY_NSHumanReadableCopyright = "";
				INFOPLIST_KEY_NSPrincipalClass = "";
				INSTALL_PATH = "$(LOCAL_LIBRARY_DIR)/Bundles";
				IPHONEOS_DEPLOYMENT_TARGET = 11.0;
				MACOSX_DEPLOYMENT_TARGET = 12.3;
				MARKETING_VERSION = 1.0;
				PRODUCT_BUNDLE_IDENTIFIER = com.premom.easyathome.TestBundle;
				PRODUCT_NAME = "$(TARGET_NAME)";
				SDKROOT = iphoneos;
				SKIP_INSTALL = YES;
				SUPPORTED_PLATFORMS = "iphonesimulator iphoneos";
				SWIFT_EMIT_LOC_STRINGS = YES;
				VERSIONING_SYSTEM = "";
				WRAPPER_EXTENSION = bundle;
			};
			name = Release;
		};
		A21BC52528AF70C700FA7504 /* Debug */ = {
			isa = XCBuildConfiguration;
			buildSettings = {
				CODE_SIGN_STYLE = Automatic;
				DEVELOPMENT_TEAM = GJFTXMEC77;
				PRODUCT_NAME = "$(TARGET_NAME)";
			};
			name = Debug;
		};
		A21BC52628AF70C700FA7504 /* Release */ = {
			isa = XCBuildConfiguration;
			buildSettings = {
				CODE_SIGN_STYLE = Automatic;
				DEVELOPMENT_TEAM = GJFTXMEC77;
				PRODUCT_NAME = "$(TARGET_NAME)";
			};
			name = Release;
		};
/* End XCBuildConfiguration section */

/* Begin XCConfigurationList section */
		A21BC4E628AF6DC800FA7504 /* Build configuration list for PBXProject "Test" */ = {
			isa = XCConfigurationList;
			buildConfigurations = (
				A21BC4F128AF6DC800FA7504 /* Debug */,
				A21BC4F228AF6DC800FA7504 /* Release */,
			);
			defaultConfigurationIsVisible = 0;
			defaultConfigurationName = Release;
		};
		A21BC4F328AF6DC800FA7504 /* Build configuration list for PBXNativeTarget "Test" */ = {
			isa = XCConfigurationList;
			buildConfigurations = (
				A21BC4F428AF6DC800FA7504 /* Debug */,
				A21BC4F528AF6DC800FA7504 /* Release */,
			);
			defaultConfigurationIsVisible = 0;
			defaultConfigurationName = Release;
		};
		A21BC50D28AF6F3C00FA7504 /* Build configuration list for PBXNativeTarget "TestBundle" */ = {
			isa = XCConfigurationList;
			buildConfigurations = (
				A21BC50E28AF6F3C00FA7504 /* Debug */,
				A21BC50F28AF6F3C00FA7504 /* Release */,
			);
			defaultConfigurationIsVisible = 0;
			defaultConfigurationName = Release;
		};
		A21BC52728AF70C700FA7504 /* Build configuration list for PBXAggregateTarget "TestAgg" */ = {
			isa = XCConfigurationList;
			buildConfigurations = (
				A21BC52528AF70C700FA7504 /* Debug */,
				A21BC52628AF70C700FA7504 /* Release */,
			);
			defaultConfigurationIsVisible = 0;
			defaultConfigurationName = Release;
		};
/* End XCConfigurationList section */
	};
	rootObject = A21BC4E328AF6DC800FA7504 /* Project object */;
}
